// !$*UTF8*$!
{
	archiveVersion = 1;
	classes = {
	};
	objectVersion = 55;
	objects = {

/* Begin PBXBuildFile section */
		02C27AE428B9879B003934F9 /* AppDelegate.swift in Sources */ = {isa = PBXBuildFile; fileRef = 02C27AE328B9879B003934F9 /* AppDelegate.swift */; };
		02C27AE628B9879B003934F9 /* SceneDelegate.swift in Sources */ = {isa = PBXBuildFile; fileRef = 02C27AE528B9879B003934F9 /* SceneDelegate.swift */; };
		02C27AE828B9879B003934F9 /* ViewController.swift in Sources */ = {isa = PBXBuildFile; fileRef = 02C27AE728B9879B003934F9 /* ViewController.swift */; };
		02C27AEB28B9879B003934F9 /* Main.storyboard in Resources */ = {isa = PBXBuildFile; fileRef = 02C27AE928B9879B003934F9 /* Main.storyboard */; };
		02C27AED28B9879E003934F9 /* Assets.xcassets in Resources */ = {isa = PBXBuildFile; fileRef = 02C27AEC28B9879E003934F9 /* Assets.xcassets */; };
		3117EDAA29397AB90069A7E4 /* RequestCameraAuthView.swift in Sources */ = {isa = PBXBuildFile; fileRef = 3117EDA829397AB90069A7E4 /* RequestCameraAuthView.swift */; };
		3117EDAB29397AB90069A7E4 /* RequestCameraAuthView.xib in Resources */ = {isa = PBXBuildFile; fileRef = 3117EDA929397AB90069A7E4 /* RequestCameraAuthView.xib */; };
		31B4B9BD29398045000566F2 /* LaunchViewController.swift in Sources */ = {isa = PBXBuildFile; fileRef = 31B4B9BB29398045000566F2 /* LaunchViewController.swift */; };
		31B4B9BE29398045000566F2 /* LaunchViewController.xib in Resources */ = {isa = PBXBuildFile; fileRef = 31B4B9BC29398045000566F2 /* LaunchViewController.xib */; };
		31B4B9C3293981EE000566F2 /* RequestCameraAuthController.swift in Sources */ = {isa = PBXBuildFile; fileRef = 31B4B9C2293981EE000566F2 /* RequestCameraAuthController.swift */; };
		31CF05312940FC49007865E0 /* UIViewAddShow.swift in Sources */ = {isa = PBXBuildFile; fileRef = 31CF05302940FC49007865E0 /* UIViewAddShow.swift */; };
		31CF05332940FC72007865E0 /* UIViewAnimation.swift in Sources */ = {isa = PBXBuildFile; fileRef = 31CF05322940FC72007865E0 /* UIViewAnimation.swift */; };
		31CF05372940FC92007865E0 /* UIColors+Colors.swift in Sources */ = {isa = PBXBuildFile; fileRef = 31CF05362940FC92007865E0 /* UIColors+Colors.swift */; };
		31CF05392940FCC9007865E0 /* NotificationName.swift in Sources */ = {isa = PBXBuildFile; fileRef = 31CF05382940FCC9007865E0 /* NotificationName.swift */; };
		31CF053C2940FD34007865E0 /* DeviceOrientaionController.swift in Sources */ = {isa = PBXBuildFile; fileRef = 31CF053B2940FD34007865E0 /* DeviceOrientaionController.swift */; };
		31CF05402940FD9C007865E0 /* TimerController.swift in Sources */ = {isa = PBXBuildFile; fileRef = 31CF053F2940FD9C007865E0 /* TimerController.swift */; };
		31CF05422940FDAE007865E0 /* CaptureSessionController.swift in Sources */ = {isa = PBXBuildFile; fileRef = 31CF05412940FDAE007865E0 /* CaptureSessionController.swift */; };
		31CF05462940FE10007865E0 /* VideoPlayerViewController.swift in Sources */ = {isa = PBXBuildFile; fileRef = 31CF05452940FE10007865E0 /* VideoPlayerViewController.swift */; };
		31CF05492940FE50007865E0 /* CaptureViewController.swift in Sources */ = {isa = PBXBuildFile; fileRef = 31CF05472940FE50007865E0 /* CaptureViewController.swift */; };
		31CF054A2940FE50007865E0 /* CaptureViewController.xib in Resources */ = {isa = PBXBuildFile; fileRef = 31CF05482940FE50007865E0 /* CaptureViewController.xib */; };
		31CF054F29414E88007865E0 /* RequestPhotoLibraryAuthView.swift in Sources */ = {isa = PBXBuildFile; fileRef = 31CF054E29414E88007865E0 /* RequestPhotoLibraryAuthView.swift */; };
		31CF055129414ECB007865E0 /* RequestPhotoLibraryAuthView.xib in Resources */ = {isa = PBXBuildFile; fileRef = 31CF055029414ECB007865E0 /* RequestPhotoLibraryAuthView.xib */; };
		31CF055329414F2E007865E0 /* RequestMicrophoneAuthView.swift in Sources */ = {isa = PBXBuildFile; fileRef = 31CF055229414F2E007865E0 /* RequestMicrophoneAuthView.swift */; };
		31CF055529414F3C007865E0 /* RequestMicrophoneAuthView.xib in Resources */ = {isa = PBXBuildFile; fileRef = 31CF055429414F3C007865E0 /* RequestMicrophoneAuthView.xib */; };
		31CF055729415046007865E0 /* RequestDeviceAuthController.swift in Sources */ = {isa = PBXBuildFile; fileRef = 31CF055629415046007865E0 /* RequestDeviceAuthController.swift */; };
		31CF0559294174ED007865E0 /* RequestDeviceAuthView.swift in Sources */ = {isa = PBXBuildFile; fileRef = 31CF0558294174ED007865E0 /* RequestDeviceAuthView.swift */; };
		31CF055B29417671007865E0 /* RequestDeviceAuthView.xib in Resources */ = {isa = PBXBuildFile; fileRef = 31CF055A29417671007865E0 /* RequestDeviceAuthView.xib */; };
		31CF055D294181E3007865E0 /* AppSetup.swift in Sources */ = {isa = PBXBuildFile; fileRef = 31CF055C294181E3007865E0 /* AppSetup.swift */; };
/* End PBXBuildFile section */

/* Begin PBXFileReference section */
		02C27AE028B9879B003934F9 /* CameraDemo.app */ = {isa = PBXFileReference; explicitFileType = wrapper.application; includeInIndex = 0; path = CameraDemo.app; sourceTree = BUILT_PRODUCTS_DIR; };
		02C27AE328B9879B003934F9 /* AppDelegate.swift */ = {isa = PBXFileReference; lastKnownFileType = sourcecode.swift; path = AppDelegate.swift; sourceTree = "<group>"; };
		02C27AE528B9879B003934F9 /* SceneDelegate.swift */ = {isa = PBXFileReference; lastKnownFileType = sourcecode.swift; path = SceneDelegate.swift; sourceTree = "<group>"; };
		02C27AE728B9879B003934F9 /* ViewController.swift */ = {isa = PBXFileReference; lastKnownFileType = sourcecode.swift; path = ViewController.swift; sourceTree = "<group>"; };
		02C27AEA28B9879B003934F9 /* Base */ = {isa = PBXFileReference; lastKnownFileType = file.storyboard; name = Base; path = Base.lproj/Main.storyboard; sourceTree = "<group>"; };
		02C27AEC28B9879E003934F9 /* Assets.xcassets */ = {isa = PBXFileReference; lastKnownFileType = folder.assetcatalog; path = Assets.xcassets; sourceTree = "<group>"; };
		02C27AF128B9879E003934F9 /* Info.plist */ = {isa = PBXFileReference; lastKnownFileType = text.plist.xml; path = Info.plist; sourceTree = "<group>"; };
		3117EDA829397AB90069A7E4 /* RequestCameraAuthView.swift */ = {isa = PBXFileReference; lastKnownFileType = sourcecode.swift; path = RequestCameraAuthView.swift; sourceTree = "<group>"; };
		3117EDA929397AB90069A7E4 /* RequestCameraAuthView.xib */ = {isa = PBXFileReference; lastKnownFileType = file.xib; path = RequestCameraAuthView.xib; sourceTree = "<group>"; };
		31B4B9BB29398045000566F2 /* LaunchViewController.swift */ = {isa = PBXFileReference; lastKnownFileType = sourcecode.swift; path = LaunchViewController.swift; sourceTree = "<group>"; };
		31B4B9BC29398045000566F2 /* LaunchViewController.xib */ = {isa = PBXFileReference; lastKnownFileType = file.xib; path = LaunchViewController.xib; sourceTree = "<group>"; };
		31B4B9C2293981EE000566F2 /* RequestCameraAuthController.swift */ = {isa = PBXFileReference; lastKnownFileType = sourcecode.swift; path = RequestCameraAuthController.swift; sourceTree = "<group>"; };
		31CF05302940FC49007865E0 /* UIViewAddShow.swift */ = {isa = PBXFileReference; lastKnownFileType = sourcecode.swift; path = UIViewAddShow.swift; sourceTree = "<group>"; };
		31CF05322940FC72007865E0 /* UIViewAnimation.swift */ = {isa = PBXFileReference; lastKnownFileType = sourcecode.swift; path = UIViewAnimation.swift; sourceTree = "<group>"; };
		31CF05362940FC92007865E0 /* UIColors+Colors.swift */ = {isa = PBXFileReference; lastKnownFileType = sourcecode.swift; path = "UIColors+Colors.swift"; sourceTree = "<group>"; };
		31CF05382940FCC9007865E0 /* NotificationName.swift */ = {isa = PBXFileReference; lastKnownFileType = sourcecode.swift; path = NotificationName.swift; sourceTree = "<group>"; };
		31CF053B2940FD34007865E0 /* DeviceOrientaionController.swift */ = {isa = PBXFileReference; lastKnownFileType = sourcecode.swift; path = DeviceOrientaionController.swift; sourceTree = "<group>"; };
		31CF053F2940FD9C007865E0 /* TimerController.swift */ = {isa = PBXFileReference; lastKnownFileType = sourcecode.swift; path = TimerController.swift; sourceTree = "<group>"; };
		31CF05412940FDAE007865E0 /* CaptureSessionController.swift */ = {isa = PBXFileReference; lastKnownFileType = sourcecode.swift; path = CaptureSessionController.swift; sourceTree = "<group>"; };
		31CF05452940FE10007865E0 /* VideoPlayerViewController.swift */ = {isa = PBXFileReference; lastKnownFileType = sourcecode.swift; path = VideoPlayerViewController.swift; sourceTree = "<group>"; };
		31CF05472940FE50007865E0 /* CaptureViewController.swift */ = {isa = PBXFileReference; lastKnownFileType = sourcecode.swift; path = CaptureViewController.swift; sourceTree = "<group>"; };
		31CF05482940FE50007865E0 /* CaptureViewController.xib */ = {isa = PBXFileReference; lastKnownFileType = file.xib; path = CaptureViewController.xib; sourceTree = "<group>"; };
		31CF054E29414E88007865E0 /* RequestPhotoLibraryAuthView.swift */ = {isa = PBXFileReference; lastKnownFileType = sourcecode.swift; path = RequestPhotoLibraryAuthView.swift; sourceTree = "<group>"; };
		31CF055029414ECB007865E0 /* RequestPhotoLibraryAuthView.xib */ = {isa = PBXFileReference; lastKnownFileType = file.xib; path = RequestPhotoLibraryAuthView.xib; sourceTree = "<group>"; };
		31CF055229414F2E007865E0 /* RequestMicrophoneAuthView.swift */ = {isa = PBXFileReference; lastKnownFileType = sourcecode.swift; path = RequestMicrophoneAuthView.swift; sourceTree = "<group>"; };
		31CF055429414F3C007865E0 /* RequestMicrophoneAuthView.xib */ = {isa = PBXFileReference; lastKnownFileType = file.xib; path = RequestMicrophoneAuthView.xib; sourceTree = "<group>"; };
		31CF055629415046007865E0 /* RequestDeviceAuthController.swift */ = {isa = PBXFileReference; lastKnownFileType = sourcecode.swift; path = RequestDeviceAuthController.swift; sourceTree = "<group>"; };
		31CF0558294174ED007865E0 /* RequestDeviceAuthView.swift */ = {isa = PBXFileReference; lastKnownFileType = sourcecode.swift; path = RequestDeviceAuthView.swift; sourceTree = "<group>"; };
		31CF055A29417671007865E0 /* RequestDeviceAuthView.xib */ = {isa = PBXFileReference; lastKnownFileType = file.xib; path = RequestDeviceAuthView.xib; sourceTree = "<group>"; };
		31CF055C294181E3007865E0 /* AppSetup.swift */ = {isa = PBXFileReference; lastKnownFileType = sourcecode.swift; path = AppSetup.swift; sourceTree = "<group>"; };
/* End PBXFileReference section */

/* Begin PBXFrameworksBuildPhase section */
		02C27ADD28B9879B003934F9 /* Frameworks */ = {
			isa = PBXFrameworksBuildPhase;
			buildActionMask = 2147483647;
			files = (
			);
			runOnlyForDeploymentPostprocessing = 0;
		};
/* End PBXFrameworksBuildPhase section */

/* Begin PBXGroup section */
		02C27AD728B9879B003934F9 = {
			isa = PBXGroup;
			children = (
				02C27AE228B9879B003934F9 /* CameraDemo */,
				02C27AE128B9879B003934F9 /* Products */,
			);
			sourceTree = "<group>";
		};
		02C27AE128B9879B003934F9 /* Products */ = {
			isa = PBXGroup;
			children = (
				02C27AE028B9879B003934F9 /* CameraDemo.app */,
			);
			name = Products;
			sourceTree = "<group>";
		};
		02C27AE228B9879B003934F9 /* CameraDemo */ = {
			isa = PBXGroup;
			children = (
				31CF052F2940FC2C007865E0 /* Extensions */,
				31B4B9BF293981BB000566F2 /* Controllers */,
				3117EDA229397A020069A7E4 /* Views */,
				3117EDA329397A0D0069A7E4 /* ViewControllers */,
				31CF055C294181E3007865E0 /* AppSetup.swift */,
				02C27AE328B9879B003934F9 /* AppDelegate.swift */,
				02C27AE528B9879B003934F9 /* SceneDelegate.swift */,
				02C27AE928B9879B003934F9 /* Main.storyboard */,
				31B4B9BC29398045000566F2 /* LaunchViewController.xib */,
				02C27AEC28B9879E003934F9 /* Assets.xcassets */,
				02C27AF128B9879E003934F9 /* Info.plist */,
			);
			path = CameraDemo;
			sourceTree = "<group>";
		};
		3117EDA229397A020069A7E4 /* Views */ = {
			isa = PBXGroup;
			children = (
				3117EDA729397A860069A7E4 /* RequestAuth */,
			);
			path = Views;
			sourceTree = "<group>";
		};
		3117EDA329397A0D0069A7E4 /* ViewControllers */ = {
			isa = PBXGroup;
			children = (
				3117EDA629397A6C0069A7E4 /* VCs */,
				3117EDA429397A2C0069A7E4 /* Launch */,
				31CF05432940FDCC007865E0 /* Capture */,
				31CF05442940FDDE007865E0 /* VideoPlayer */,
			);
			path = ViewControllers;
			sourceTree = "<group>";
		};
		3117EDA429397A2C0069A7E4 /* Launch */ = {
			isa = PBXGroup;
			children = (
				31B4B9BB29398045000566F2 /* LaunchViewController.swift */,
			);
			path = Launch;
			sourceTree = "<group>";
		};
		3117EDA629397A6C0069A7E4 /* VCs */ = {
			isa = PBXGroup;
			children = (
				02C27AE728B9879B003934F9 /* ViewController.swift */,
			);
			path = VCs;
			sourceTree = "<group>";
		};
		3117EDA729397A860069A7E4 /* RequestAuth */ = {
			isa = PBXGroup;
			children = (
				31CF054D29414C70007865E0 /* PhotoLibrary */,
				31CF054C29414C63007865E0 /* Microphone */,
				31CF054B29414C5A007865E0 /* Camera */,
				31CF0558294174ED007865E0 /* RequestDeviceAuthView.swift */,
				31CF055A29417671007865E0 /* RequestDeviceAuthView.xib */,
			);
			path = RequestAuth;
			sourceTree = "<group>";
		};
		31B4B9BF293981BB000566F2 /* Controllers */ = {
			isa = PBXGroup;
			children = (
				31CF053E2940FD83007865E0 /* CaptureSession */,
				31CF053A2940FCFE007865E0 /* DeviceOrientation */,
				31CF053D2940FD77007865E0 /* Timer */,
				31B4B9C0293981C6000566F2 /* RequestAuth */,
			);
			path = Controllers;
			sourceTree = "<group>";
		};
		31B4B9C0293981C6000566F2 /* RequestAuth */ = {
			isa = PBXGroup;
			children = (
				31B4B9C1293981CF000566F2 /* Camera */,
				31CF055629415046007865E0 /* RequestDeviceAuthController.swift */,
			);
			path = RequestAuth;
			sourceTree = "<group>";
		};
		31B4B9C1293981CF000566F2 /* Camera */ = {
			isa = PBXGroup;
			children = (
				31B4B9C2293981EE000566F2 /* RequestCameraAuthController.swift */,
			);
			path = Camera;
			sourceTree = "<group>";
		};
		31CF052F2940FC2C007865E0 /* Extensions */ = {
			isa = PBXGroup;
			children = (
				31CF05302940FC49007865E0 /* UIViewAddShow.swift */,
				31CF05322940FC72007865E0 /* UIViewAnimation.swift */,
				31CF05362940FC92007865E0 /* UIColors+Colors.swift */,
				31CF05382940FCC9007865E0 /* NotificationName.swift */,
			);
			path = Extensions;
			sourceTree = "<group>";
		};
		31CF053A2940FCFE007865E0 /* DeviceOrientation */ = {
			isa = PBXGroup;
			children = (
				31CF053B2940FD34007865E0 /* DeviceOrientaionController.swift */,
			);
			path = DeviceOrientation;
			sourceTree = "<group>";
		};
		31CF053D2940FD77007865E0 /* Timer */ = {
			isa = PBXGroup;
			children = (
				31CF053F2940FD9C007865E0 /* TimerController.swift */,
			);
			path = Timer;
			sourceTree = "<group>";
		};
		31CF053E2940FD83007865E0 /* CaptureSession */ = {
			isa = PBXGroup;
			children = (
				31CF05412940FDAE007865E0 /* CaptureSessionController.swift */,
			);
			path = CaptureSession;
			sourceTree = "<group>";
		};
		31CF05432940FDCC007865E0 /* Capture */ = {
			isa = PBXGroup;
			children = (
				31CF05472940FE50007865E0 /* CaptureViewController.swift */,
				31CF05482940FE50007865E0 /* CaptureViewController.xib */,
			);
			path = Capture;
			sourceTree = "<group>";
		};
		31CF05442940FDDE007865E0 /* VideoPlayer */ = {
			isa = PBXGroup;
			children = (
				31CF05452940FE10007865E0 /* VideoPlayerViewController.swift */,
			);
			path = VideoPlayer;
			sourceTree = "<group>";
		};
		31CF054B29414C5A007865E0 /* Camera */ = {
			isa = PBXGroup;
			children = (
				3117EDA829397AB90069A7E4 /* RequestCameraAuthView.swift */,
				3117EDA929397AB90069A7E4 /* RequestCameraAuthView.xib */,
			);
			path = Camera;
			sourceTree = "<group>";
		};
		31CF054C29414C63007865E0 /* Microphone */ = {
			isa = PBXGroup;
			children = (
				31CF055229414F2E007865E0 /* RequestMicrophoneAuthView.swift */,
				31CF055429414F3C007865E0 /* RequestMicrophoneAuthView.xib */,
			);
			path = Microphone;
			sourceTree = "<group>";
		};
		31CF054D29414C70007865E0 /* PhotoLibrary */ = {
			isa = PBXGroup;
			children = (
				31CF054E29414E88007865E0 /* RequestPhotoLibraryAuthView.swift */,
				31CF055029414ECB007865E0 /* RequestPhotoLibraryAuthView.xib */,
			);
			path = PhotoLibrary;
			sourceTree = "<group>";
		};
/* End PBXGroup section */

/* Begin PBXNativeTarget section */
		02C27ADF28B9879B003934F9 /* CameraDemo */ = {
			isa = PBXNativeTarget;
			buildConfigurationList = 02C27AF428B9879E003934F9 /* Build configuration list for PBXNativeTarget "CameraDemo" */;
			buildPhases = (
				02C27ADC28B9879B003934F9 /* Sources */,
				02C27ADD28B9879B003934F9 /* Frameworks */,
				02C27ADE28B9879B003934F9 /* Resources */,
			);
			buildRules = (
			);
			dependencies = (
			);
			name = CameraDemo;
			productName = CameraDemo;
			productReference = 02C27AE028B9879B003934F9 /* CameraDemo.app */;
			productType = "com.apple.product-type.application";
		};
/* End PBXNativeTarget section */

/* Begin PBXProject section */
		02C27AD828B9879B003934F9 /* Project object */ = {
			isa = PBXProject;
			attributes = {
				BuildIndependentTargetsInParallel = 1;
				LastSwiftUpdateCheck = 1320;
				LastUpgradeCheck = 1320;
				TargetAttributes = {
					02C27ADF28B9879B003934F9 = {
						CreatedOnToolsVersion = 13.2.1;
					};
				};
			};
			buildConfigurationList = 02C27ADB28B9879B003934F9 /* Build configuration list for PBXProject "CameraDemo" */;
			compatibilityVersion = "Xcode 13.0";
			developmentRegion = en;
			hasScannedForEncodings = 0;
			knownRegions = (
				en,
				Base,
			);
			mainGroup = 02C27AD728B9879B003934F9;
			productRefGroup = 02C27AE128B9879B003934F9 /* Products */;
			projectDirPath = "";
			projectRoot = "";
			targets = (
				02C27ADF28B9879B003934F9 /* CameraDemo */,
			);
		};
/* End PBXProject section */

/* Begin PBXResourcesBuildPhase section */
		02C27ADE28B9879B003934F9 /* Resources */ = {
			isa = PBXResourcesBuildPhase;
			buildActionMask = 2147483647;
			files = (
				31CF055B29417671007865E0 /* RequestDeviceAuthView.xib in Resources */,
				31CF054A2940FE50007865E0 /* CaptureViewController.xib in Resources */,
				3117EDAB29397AB90069A7E4 /* RequestCameraAuthView.xib in Resources */,
				31B4B9BE29398045000566F2 /* LaunchViewController.xib in Resources */,
				02C27AED28B9879E003934F9 /* Assets.xcassets in Resources */,
				02C27AEB28B9879B003934F9 /* Main.storyboard in Resources */,
				31CF055129414ECB007865E0 /* RequestPhotoLibraryAuthView.xib in Resources */,
				31CF055529414F3C007865E0 /* RequestMicrophoneAuthView.xib in Resources */,
			);
			runOnlyForDeploymentPostprocessing = 0;
		};
/* End PBXResourcesBuildPhase section */

/* Begin PBXSourcesBuildPhase section */
		02C27ADC28B9879B003934F9 /* Sources */ = {
			isa = PBXSourcesBuildPhase;
			buildActionMask = 2147483647;
			files = (
				31B4B9C3293981EE000566F2 /* RequestCameraAuthController.swift in Sources */,
				31CF054F29414E88007865E0 /* RequestPhotoLibraryAuthView.swift in Sources */,
				31CF05372940FC92007865E0 /* UIColors+Colors.swift in Sources */,
				31CF05332940FC72007865E0 /* UIViewAnimation.swift in Sources */,
				31CF05462940FE10007865E0 /* VideoPlayerViewController.swift in Sources */,
				31CF05492940FE50007865E0 /* CaptureViewController.swift in Sources */,
				31CF0559294174ED007865E0 /* RequestDeviceAuthView.swift in Sources */,
				31CF05422940FDAE007865E0 /* CaptureSessionController.swift in Sources */,
				31CF05392940FCC9007865E0 /* NotificationName.swift in Sources */,
				31CF053C2940FD34007865E0 /* DeviceOrientaionController.swift in Sources */,
				31CF055729415046007865E0 /* RequestDeviceAuthController.swift in Sources */,
				31CF055D294181E3007865E0 /* AppSetup.swift in Sources */,
				31CF05402940FD9C007865E0 /* TimerController.swift in Sources */,
				02C27AE828B9879B003934F9 /* ViewController.swift in Sources */,
				31B4B9BD29398045000566F2 /* LaunchViewController.swift in Sources */,
				3117EDAA29397AB90069A7E4 /* RequestCameraAuthView.swift in Sources */,
				02C27AE428B9879B003934F9 /* AppDelegate.swift in Sources */,
				02C27AE628B9879B003934F9 /* SceneDelegate.swift in Sources */,
				31CF05312940FC49007865E0 /* UIViewAddShow.swift in Sources */,
				31CF055329414F2E007865E0 /* RequestMicrophoneAuthView.swift in Sources */,
			);
			runOnlyForDeploymentPostprocessing = 0;
		};
/* End PBXSourcesBuildPhase section */

/* Begin PBXVariantGroup section */
		02C27AE928B9879B003934F9 /* Main.storyboard */ = {
			isa = PBXVariantGroup;
			children = (
				02C27AEA28B9879B003934F9 /* Base */,
			);
			name = Main.storyboard;
			sourceTree = "<group>";
		};
/* End PBXVariantGroup section */

/* Begin XCBuildConfiguration section */
		02C27AF228B9879E003934F9 /* Debug */ = {
			isa = XCBuildConfiguration;
			buildSettings = {
				ALWAYS_SEARCH_USER_PATHS = NO;
				CLANG_ANALYZER_NONNULL = YES;
				CLANG_ANALYZER_NUMBER_OBJECT_CONVERSION = YES_AGGRESSIVE;
				CLANG_CXX_LANGUAGE_STANDARD = "gnu++17";
				CLANG_CXX_LIBRARY = "libc++";
				CLANG_ENABLE_MODULES = YES;
				CLANG_ENABLE_OBJC_ARC = YES;
				CLANG_ENABLE_OBJC_WEAK = YES;
				CLANG_WARN_BLOCK_CAPTURE_AUTORELEASING = YES;
				CLANG_WARN_BOOL_CONVERSION = YES;
				CLANG_WARN_COMMA = YES;
				CLANG_WARN_CONSTANT_CONVERSION = YES;
				CLANG_WARN_DEPRECATED_OBJC_IMPLEMENTATIONS = YES;
				CLANG_WARN_DIRECT_OBJC_ISA_USAGE = YES_ERROR;
				CLANG_WARN_DOCUMENTATION_COMMENTS = YES;
				CLANG_WARN_EMPTY_BODY = YES;
				CLANG_WARN_ENUM_CONVERSION = YES;
				CLANG_WARN_INFINITE_RECURSION = YES;
				CLANG_WARN_INT_CONVERSION = YES;
				CLANG_WARN_NON_LITERAL_NULL_CONVERSION = YES;
				CLANG_WARN_OBJC_IMPLICIT_RETAIN_SELF = YES;
				CLANG_WARN_OBJC_LITERAL_CONVERSION = YES;
				CLANG_WARN_OBJC_ROOT_CLASS = YES_ERROR;
				CLANG_WARN_QUOTED_INCLUDE_IN_FRAMEWORK_HEADER = YES;
				CLANG_WARN_RANGE_LOOP_ANALYSIS = YES;
				CLANG_WARN_STRICT_PROTOTYPES = YES;
				CLANG_WARN_SUSPICIOUS_MOVE = YES;
				CLANG_WARN_UNGUARDED_AVAILABILITY = YES_AGGRESSIVE;
				CLANG_WARN_UNREACHABLE_CODE = YES;
				CLANG_WARN__DUPLICATE_METHOD_MATCH = YES;
				COPY_PHASE_STRIP = NO;
				DEBUG_INFORMATION_FORMAT = dwarf;
				ENABLE_STRICT_OBJC_MSGSEND = YES;
				ENABLE_TESTABILITY = YES;
				GCC_C_LANGUAGE_STANDARD = gnu11;
				GCC_DYNAMIC_NO_PIC = NO;
				GCC_NO_COMMON_BLOCKS = YES;
				GCC_OPTIMIZATION_LEVEL = 0;
				GCC_PREPROCESSOR_DEFINITIONS = (
					"DEBUG=1",
					"$(inherited)",
				);
				GCC_WARN_64_TO_32_BIT_CONVERSION = YES;
				GCC_WARN_ABOUT_RETURN_TYPE = YES_ERROR;
				GCC_WARN_UNDECLARED_SELECTOR = YES;
				GCC_WARN_UNINITIALIZED_AUTOS = YES_AGGRESSIVE;
				GCC_WARN_UNUSED_FUNCTION = YES;
				GCC_WARN_UNUSED_VARIABLE = YES;
				IPHONEOS_DEPLOYMENT_TARGET = 15.2;
				MTL_ENABLE_DEBUG_INFO = INCLUDE_SOURCE;
				MTL_FAST_MATH = YES;
				ONLY_ACTIVE_ARCH = YES;
				SDKROOT = iphoneos;
				SWIFT_ACTIVE_COMPILATION_CONDITIONS = DEBUG;
				SWIFT_OPTIMIZATION_LEVEL = "-Onone";
			};
			name = Debug;
		};
		02C27AF328B9879E003934F9 /* Release */ = {
			isa = XCBuildConfiguration;
			buildSettings = {
				ALWAYS_SEARCH_USER_PATHS = NO;
				CLANG_ANALYZER_NONNULL = YES;
				CLANG_ANALYZER_NUMBER_OBJECT_CONVERSION = YES_AGGRESSIVE;
				CLANG_CXX_LANGUAGE_STANDARD = "gnu++17";
				CLANG_CXX_LIBRARY = "libc++";
				CLANG_ENABLE_MODULES = YES;
				CLANG_ENABLE_OBJC_ARC = YES;
				CLANG_ENABLE_OBJC_WEAK = YES;
				CLANG_WARN_BLOCK_CAPTURE_AUTORELEASING = YES;
				CLANG_WARN_BOOL_CONVERSION = YES;
				CLANG_WARN_COMMA = YES;
				CLANG_WARN_CONSTANT_CONVERSION = YES;
				CLANG_WARN_DEPRECATED_OBJC_IMPLEMENTATIONS = YES;
				CLANG_WARN_DIRECT_OBJC_ISA_USAGE = YES_ERROR;
				CLANG_WARN_DOCUMENTATION_COMMENTS = YES;
				CLANG_WARN_EMPTY_BODY = YES;
				CLANG_WARN_ENUM_CONVERSION = YES;
				CLANG_WARN_INFINITE_RECURSION = YES;
				CLANG_WARN_INT_CONVERSION = YES;
				CLANG_WARN_NON_LITERAL_NULL_CONVERSION = YES;
				CLANG_WARN_OBJC_IMPLICIT_RETAIN_SELF = YES;
				CLANG_WARN_OBJC_LITERAL_CONVERSION = YES;
				CLANG_WARN_OBJC_ROOT_CLASS = YES_ERROR;
				CLANG_WARN_QUOTED_INCLUDE_IN_FRAMEWORK_HEADER = YES;
				CLANG_WARN_RANGE_LOOP_ANALYSIS = YES;
				CLANG_WARN_STRICT_PROTOTYPES = YES;
				CLANG_WARN_SUSPICIOUS_MOVE = YES;
				CLANG_WARN_UNGUARDED_AVAILABILITY = YES_AGGRESSIVE;
				CLANG_WARN_UNREACHABLE_CODE = YES;
				CLANG_WARN__DUPLICATE_METHOD_MATCH = YES;
				COPY_PHASE_STRIP = NO;
				DEBUG_INFORMATION_FORMAT = "dwarf-with-dsym";
				ENABLE_NS_ASSERTIONS = NO;
				ENABLE_STRICT_OBJC_MSGSEND = YES;
				GCC_C_LANGUAGE_STANDARD = gnu11;
				GCC_NO_COMMON_BLOCKS = YES;
				GCC_WARN_64_TO_32_BIT_CONVERSION = YES;
				GCC_WARN_ABOUT_RETURN_TYPE = YES_ERROR;
				GCC_WARN_UNDECLARED_SELECTOR = YES;
				GCC_WARN_UNINITIALIZED_AUTOS = YES_AGGRESSIVE;
				GCC_WARN_UNUSED_FUNCTION = YES;
				GCC_WARN_UNUSED_VARIABLE = YES;
				IPHONEOS_DEPLOYMENT_TARGET = 15.2;
				MTL_ENABLE_DEBUG_INFO = NO;
				MTL_FAST_MATH = YES;
				SDKROOT = iphoneos;
				SWIFT_COMPILATION_MODE = wholemodule;
				SWIFT_OPTIMIZATION_LEVEL = "-O";
				VALIDATE_PRODUCT = YES;
			};
			name = Release;
		};
		02C27AF528B9879E003934F9 /* Debug */ = {
			isa = XCBuildConfiguration;
			buildSettings = {
				ASSETCATALOG_COMPILER_APPICON_NAME = AppIcon;
				ASSETCATALOG_COMPILER_GLOBAL_ACCENT_COLOR_NAME = AccentColor;
				CODE_SIGN_STYLE = Automatic;
				CURRENT_PROJECT_VERSION = 1;
				DEVELOPMENT_TEAM = 6346F46FVY;
				GENERATE_INFOPLIST_FILE = YES;
				INFOPLIST_FILE = CameraDemo/Info.plist;
				INFOPLIST_KEY_LSApplicationCategoryType = "public.app-category.photography";
				INFOPLIST_KEY_UIApplicationSupportsIndirectInputEvents = YES;
				INFOPLIST_KEY_UILaunchStoryboardName = LaunchScreen;
				INFOPLIST_KEY_UIMainStoryboardFile = Main;
				INFOPLIST_KEY_UISupportedInterfaceOrientations_iPad = "UIInterfaceOrientationPortrait UIInterfaceOrientationPortraitUpsideDown UIInterfaceOrientationLandscapeLeft UIInterfaceOrientationLandscapeRight";
				INFOPLIST_KEY_UISupportedInterfaceOrientations_iPhone = "UIInterfaceOrientationPortrait UIInterfaceOrientationLandscapeLeft UIInterfaceOrientationLandscapeRight";
				LD_RUNPATH_SEARCH_PATHS = (
					"$(inherited)",
					"@executable_path/Frameworks",
				);
				MARKETING_VERSION = 1.0;
				PRODUCT_BUNDLE_IDENTIFIER = com.mykoo.apps.CameraDemo;
				PRODUCT_NAME = "$(TARGET_NAME)";
				SWIFT_EMIT_LOC_STRINGS = YES;
				SWIFT_VERSION = 5.0;
				TARGETED_DEVICE_FAMILY = "1,2";
			};
			name = Debug;
		};
		02C27AF628B9879E003934F9 /* Release */ = {
			isa = XCBuildConfiguration;
			buildSettings = {
				ASSETCATALOG_COMPILER_APPICON_NAME = AppIcon;
				ASSETCATALOG_COMPILER_GLOBAL_ACCENT_COLOR_NAME = AccentColor;
				CODE_SIGN_STYLE = Automatic;
				CURRENT_PROJECT_VERSION = 1;
				DEVELOPMENT_TEAM = 6346F46FVY;
				GENERATE_INFOPLIST_FILE = YES;
				INFOPLIST_FILE = CameraDemo/Info.plist;
				INFOPLIST_KEY_LSApplicationCategoryType = "public.app-category.photography";
				INFOPLIST_KEY_UIApplicationSupportsIndirectInputEvents = YES;
				INFOPLIST_KEY_UILaunchStoryboardName = LaunchScreen;
				INFOPLIST_KEY_UIMainStoryboardFile = Main;
				INFOPLIST_KEY_UISupportedInterfaceOrientations_iPad = "UIInterfaceOrientationPortrait UIInterfaceOrientationPortraitUpsideDown UIInterfaceOrientationLandscapeLeft UIInterfaceOrientationLandscapeRight";
				INFOPLIST_KEY_UISupportedInterfaceOrientations_iPhone = "UIInterfaceOrientationPortrait UIInterfaceOrientationLandscapeLeft UIInterfaceOrientationLandscapeRight";
				LD_RUNPATH_SEARCH_PATHS = (
					"$(inherited)",
					"@executable_path/Frameworks",
				);
				MARKETING_VERSION = 1.0;
				PRODUCT_BUNDLE_IDENTIFIER = com.mykoo.apps.CameraDemo;
				PRODUCT_NAME = "$(TARGET_NAME)";
				SWIFT_EMIT_LOC_STRINGS = YES;
				SWIFT_VERSION = 5.0;
				TARGETED_DEVICE_FAMILY = "1,2";
			};
			name = Release;
		};
/* End XCBuildConfiguration section */

/* Begin XCConfigurationList section */
		02C27ADB28B9879B003934F9 /* Build configuration list for PBXProject "CameraDemo" */ = {
			isa = XCConfigurationList;
			buildConfigurations = (
				02C27AF228B9879E003934F9 /* Debug */,
				02C27AF328B9879E003934F9 /* Release */,
			);
			defaultConfigurationIsVisible = 0;
			defaultConfigurationName = Release;
		};
		02C27AF428B9879E003934F9 /* Build configuration list for PBXNativeTarget "CameraDemo" */ = {
			isa = XCConfigurationList;
			buildConfigurations = (
				02C27AF528B9879E003934F9 /* Debug */,
				02C27AF628B9879E003934F9 /* Release */,
			);
			defaultConfigurationIsVisible = 0;
			defaultConfigurationName = Release;
		};
/* End XCConfigurationList section */
	};
	rootObject = 02C27AD828B9879B003934F9 /* Project object */;
}
